
Microsoft Visual Studio Solution File, Format Version 12.00
# Visual Studio Version 16
VisualStudioVersion = 16.0.30621.155
MinimumVisualStudioVersion = 10.0.40219.1
Project("{FAE04EC0-301F-11D3-BF4B-00C04F79EFBC}") = "Flow Stitch", "Flow Stitch.csproj", "{77F9AFFE-9413-476B-9331-97377C8D5FF9}"
EndProject
Global
	GlobalSection(SolutionConfigurationPlatforms) = preSolution
		Debug|Any CPU = Debug|Any CPU
		Release|Any CPU = Release|Any CPU
	EndGlobalSection
	GlobalSection(ProjectConfigurationPlatforms) = postSolution
		{77F9AFFE-9413-476B-9331-97377C8D5FF9}.Debug|Any CPU.ActiveCfg = Debug|Any CPU
		{77F9AFFE-9413-476B-9331-97377C8D5FF9}.Debug|Any CPU.Build.0 = Debug|Any CPU
		{77F9AFFE-9413-476B-9331-97377C8D5FF9}.Release|Any CPU.ActiveCfg = Release|Any CPU
		{77F9AFFE-9413-476B-9331-97377C8D5FF9}.Release|Any CPU.Build.0 = Release|Any CPU
	EndGlobalSection
	GlobalSection(SolutionProperties) = preSolution
		HideSolutionNode = FALSE
	EndGlobalSection
	GlobalSection(ExtensibilityGlobals) = postSolution
		SolutionGuid = {1539EF40-81BA-412F-97DE-1C582545CB98}
	EndGlobalSection
EndGlobal
